
Microsoft Visual Studio Solution File, Format Version 12.00
# Visual Studio 14
VisualStudioVersion = 14.0.23107.0
MinimumVisualStudioVersion = 10.0.40219.1
Project("{FAE04EC0-301F-11D3-BF4B-00C04F79EFBC}") = "MovieShopWebAPI", "MovieShopWebAPI\MovieShopWebAPI.csproj", "{6767E613-0B52-482C-9E0F-89AAD4E05683}"
EndProject
Project("{FAE04EC0-301F-11D3-BF4B-00C04F79EFBC}") = "MovieShopDALC", "MovieShopDALC\MovieShopDALC.csproj", "{53D05A5B-BABA-4CCF-B789-A384012C63FD}"
EndProject
Global
	GlobalSection(SolutionConfigurationPlatforms) = preSolution
		Debug|Any CPU = Debug|Any CPU
		Release|Any CPU = Release|Any CPU
	EndGlobalSection
	GlobalSection(ProjectConfigurationPlatforms) = postSolution
		{6767E613-0B52-482C-9E0F-89AAD4E05683}.Debug|Any CPU.ActiveCfg = Debug|Any CPU
		{6767E613-0B52-482C-9E0F-89AAD4E05683}.Debug|Any CPU.Build.0 = Debug|Any CPU
		{6767E613-0B52-482C-9E0F-89AAD4E05683}.Release|Any CPU.ActiveCfg = Release|Any CPU
		{6767E613-0B52-482C-9E0F-89AAD4E05683}.Release|Any CPU.Build.0 = Release|Any CPU
		{53D05A5B-BABA-4CCF-B789-A384012C63FD}.Debug|Any CPU.ActiveCfg = Debug|Any CPU
		{53D05A5B-BABA-4CCF-B789-A384012C63FD}.Debug|Any CPU.Build.0 = Debug|Any CPU
		{53D05A5B-BABA-4CCF-B789-A384012C63FD}.Release|Any CPU.ActiveCfg = Release|Any CPU
		{53D05A5B-BABA-4CCF-B789-A384012C63FD}.Release|Any CPU.Build.0 = Release|Any CPU
	EndGlobalSection
	GlobalSection(SolutionProperties) = preSolution
		HideSolutionNode = FALSE
	EndGlobalSection
EndGlobal
